
Microsoft Visual Studio Solution File, Format Version 12.00
# Visual Studio 14
VisualStudioVersion = 14.0.23107.0
MinimumVisualStudioVersion = 10.0.40219.1
Project("{FAE04EC0-301F-11D3-BF4B-00C04F79EFBC}") = "TirkxDownloader", "TirkxDownloader.csproj", "{E530F669-57C7-440D-9078-C7CAC70B2508}"
EndProject
Project("{2150E333-8FDC-42A3-9474-1A3956D46DE8}") = ".nuget", ".nuget", "{A3260B8F-4FC7-455E-AEB8-DEADA8C05BC5}"
	ProjectSection(SolutionItems) = preProject
		.nuget\packages.config = .nuget\packages.config
	EndProjectSection
EndProject
Project("{FAE04EC0-301F-11D3-BF4B-00C04F79EFBC}") = "TirkxDownloaderTests1", "TirkxDownloaderTests1\TirkxDownloaderTests1.csproj", "{5B79073E-5782-4FF4-BE0F-E1159AC56D5C}"
EndProject
Global
	GlobalSection(SolutionConfigurationPlatforms) = preSolution
		Debug|Any CPU = Debug|Any CPU
		Debug|x64 = Debug|x64
		Debug|x86 = Debug|x86
		Release|Any CPU = Release|Any CPU
		Release|x64 = Release|x64
		Release|x86 = Release|x86
	EndGlobalSection
	GlobalSection(ProjectConfigurationPlatforms) = postSolution
		{E530F669-57C7-440D-9078-C7CAC70B2508}.Debug|Any CPU.ActiveCfg = Debug|Any CPU
		{E530F669-57C7-440D-9078-C7CAC70B2508}.Debug|Any CPU.Build.0 = Debug|Any CPU
		{E530F669-57C7-440D-9078-C7CAC70B2508}.Debug|x64.ActiveCfg = Debug|x64
		{E530F669-57C7-440D-9078-C7CAC70B2508}.Debug|x64.Build.0 = Debug|x64
		{E530F669-57C7-440D-9078-C7CAC70B2508}.Debug|x86.ActiveCfg = Debug|x86
		{E530F669-57C7-440D-9078-C7CAC70B2508}.Debug|x86.Build.0 = Debug|x86
		{E530F669-57C7-440D-9078-C7CAC70B2508}.Release|Any CPU.ActiveCfg = Release|Any CPU
		{E530F669-57C7-440D-9078-C7CAC70B2508}.Release|Any CPU.Build.0 = Release|Any CPU
		{E530F669-57C7-440D-9078-C7CAC70B2508}.Release|x64.ActiveCfg = Release|x64
		{E530F669-57C7-440D-9078-C7CAC70B2508}.Release|x64.Build.0 = Release|x64
		{E530F669-57C7-440D-9078-C7CAC70B2508}.Release|x86.ActiveCfg = Release|x64
		{E530F669-57C7-440D-9078-C7CAC70B2508}.Release|x86.Build.0 = Release|x64
		{5B79073E-5782-4FF4-BE0F-E1159AC56D5C}.Debug|Any CPU.ActiveCfg = Debug|Any CPU
		{5B79073E-5782-4FF4-BE0F-E1159AC56D5C}.Debug|Any CPU.Build.0 = Debug|Any CPU
		{5B79073E-5782-4FF4-BE0F-E1159AC56D5C}.Debug|x64.ActiveCfg = Debug|x64
		{5B79073E-5782-4FF4-BE0F-E1159AC56D5C}.Debug|x64.Build.0 = Debug|x64
		{5B79073E-5782-4FF4-BE0F-E1159AC56D5C}.Debug|x86.ActiveCfg = Debug|Any CPU
		{5B79073E-5782-4FF4-BE0F-E1159AC56D5C}.Debug|x86.Build.0 = Debug|Any CPU
		{5B79073E-5782-4FF4-BE0F-E1159AC56D5C}.Release|Any CPU.ActiveCfg = Release|Any CPU
		{5B79073E-5782-4FF4-BE0F-E1159AC56D5C}.Release|Any CPU.Build.0 = Release|Any CPU
		{5B79073E-5782-4FF4-BE0F-E1159AC56D5C}.Release|x64.ActiveCfg = Release|Any CPU
		{5B79073E-5782-4FF4-BE0F-E1159AC56D5C}.Release|x64.Build.0 = Release|Any CPU
		{5B79073E-5782-4FF4-BE0F-E1159AC56D5C}.Release|x86.ActiveCfg = Release|Any CPU
		{5B79073E-5782-4FF4-BE0F-E1159AC56D5C}.Release|x86.Build.0 = Release|Any CPU
	EndGlobalSection
	GlobalSection(SolutionProperties) = preSolution
		HideSolutionNode = FALSE
	EndGlobalSection
EndGlobal
